// !$*UTF8*$!
{
	archiveVersion = 1;
	classes = {
	};
	objectVersion = 46;
	objects = {

/* Begin PBXBuildFile section */
		37A2EC3F1CF45AED004F3D5E /* main.m in Sources */ = {isa = PBXBuildFile; fileRef = 37A2EC3E1CF45AED004F3D5E /* main.m */; };
		37A2EC421CF45AED004F3D5E /* AppDelegate.m in Sources */ = {isa = PBXBuildFile; fileRef = 37A2EC411CF45AED004F3D5E /* AppDelegate.m */; };
		37A2EC4A1CF45AED004F3D5E /* Assets.xcassets in Resources */ = {isa = PBXBuildFile; fileRef = 37A2EC491CF45AED004F3D5E /* Assets.xcassets */; };
		37A2EC4D1CF45AED004F3D5E /* LaunchScreen.storyboard in Resources */ = {isa = PBXBuildFile; fileRef = 37A2EC4B1CF45AED004F3D5E /* LaunchScreen.storyboard */; };
		37A2EC5B1CF45C01004F3D5E /* CDMainViewController.m in Sources */ = {isa = PBXBuildFile; fileRef = 37A2EC591CF45C01004F3D5E /* CDMainViewController.m */; };
		37A2EC5C1CF45C01004F3D5E /* CDMainViewController.xib in Resources */ = {isa = PBXBuildFile; fileRef = 37A2EC5A1CF45C01004F3D5E /* CDMainViewController.xib */; };
		37A2EC5F1CF45C1F004F3D5E /* CDTipsView.m in Sources */ = {isa = PBXBuildFile; fileRef = 37A2EC5E1CF45C1F004F3D5E /* CDTipsView.m */; };
		37A2EC621CF45C67004F3D5E /* UIKit.framework in Frameworks */ = {isa = PBXBuildFile; fileRef = 37A2EC611CF45C67004F3D5E /* UIKit.framework */; };
/* End PBXBuildFile section */

/* Begin PBXFileReference section */
		37A2EC3A1CF45AED004F3D5E /* CDTipsView.app */ = {isa = PBXFileReference; explicitFileType = wrapper.application; includeInIndex = 0; path = CDTipsView.app; sourceTree = BUILT_PRODUCTS_DIR; };
		37A2EC3E1CF45AED004F3D5E /* main.m */ = {isa = PBXFileReference; lastKnownFileType = sourcecode.c.objc; path = main.m; sourceTree = "<group>"; };
		37A2EC401CF45AED004F3D5E /* AppDelegate.h */ = {isa = PBXFileReference; lastKnownFileType = sourcecode.c.h; path = AppDelegate.h; sourceTree = "<group>"; };
		37A2EC411CF45AED004F3D5E /* AppDelegate.m */ = {isa = PBXFileReference; lastKnownFileType = sourcecode.c.objc; path = AppDelegate.m; sourceTree = "<group>"; };
		37A2EC491CF45AED004F3D5E /* Assets.xcassets */ = {isa = PBXFileReference; lastKnownFileType = folder.assetcatalog; path = Assets.xcassets; sourceTree = "<group>"; };
		37A2EC4C1CF45AED004F3D5E /* Base */ = {isa = PBXFileReference; lastKnownFileType = file.storyboard; name = Base; path = Base.lproj/LaunchScreen.storyboard; sourceTree = "<group>"; };
		37A2EC4E1CF45AED004F3D5E /* Info.plist */ = {isa = PBXFileReference; lastKnownFileType = text.plist.xml; path = Info.plist; sourceTree = "<group>"; };
		37A2EC581CF45C01004F3D5E /* CDMainViewController.h */ = {isa = PBXFileReference; fileEncoding = 4; lastKnownFileType = sourcecode.c.h; path = CDMainViewController.h; sourceTree = "<group>"; };
		37A2EC591CF45C01004F3D5E /* CDMainViewController.m */ = {isa = PBXFileReference; fileEncoding = 4; lastKnownFileType = sourcecode.c.objc; path = CDMainViewController.m; sourceTree = "<group>"; };
		37A2EC5A1CF45C01004F3D5E /* CDMainViewController.xib */ = {isa = PBXFileReference; fileEncoding = 4; lastKnownFileType = file.xib; path = CDMainViewController.xib; sourceTree = "<group>"; };
		37A2EC5D1CF45C1F004F3D5E /* CDTipsView.h */ = {isa = PBXFileReference; fileEncoding = 4; lastKnownFileType = sourcecode.c.h; path = CDTipsView.h; sourceTree = "<group>"; };
		37A2EC5E1CF45C1F004F3D5E /* CDTipsView.m */ = {isa = PBXFileReference; fileEncoding = 4; lastKnownFileType = sourcecode.c.objc; path = CDTipsView.m; sourceTree = "<group>"; };
		37A2EC611CF45C67004F3D5E /* UIKit.framework */ = {isa = PBXFileReference; lastKnownFileType = wrapper.framework; name = UIKit.framework; path = System/Library/Frameworks/UIKit.framework; sourceTree = SDKROOT; };
		37D80B8C1CF58A0B00C16AC8 /* PrefixHeader.pch */ = {isa = PBXFileReference; fileEncoding = 4; lastKnownFileType = sourcecode.c.h; path = PrefixHeader.pch; sourceTree = "<group>"; };
/* End PBXFileReference section */

/* Begin PBXFrameworksBuildPhase section */
		37A2EC371CF45AED004F3D5E /* Frameworks */ = {
			isa = PBXFrameworksBuildPhase;
			buildActionMask = 2147483647;
			files = (
				37A2EC621CF45C67004F3D5E /* UIKit.framework in Frameworks */,
			);
			runOnlyForDeploymentPostprocessing = 0;
		};
/* End PBXFrameworksBuildPhase section */

/* Begin PBXGroup section */
		37A2EC311CF45AED004F3D5E = {
			isa = PBXGroup;
			children = (
				37A2EC601CF45C4F004F3D5E /* Frameworks */,
				37A2EC3C1CF45AED004F3D5E /* CDTipsView */,
				37A2EC3B1CF45AED004F3D5E /* Products */,
			);
			sourceTree = "<group>";
		};
		37A2EC3B1CF45AED004F3D5E /* Products */ = {
			isa = PBXGroup;
			children = (
				37A2EC3A1CF45AED004F3D5E /* CDTipsView.app */,
			);
			name = Products;
			sourceTree = "<group>";
		};
		37A2EC3C1CF45AED004F3D5E /* CDTipsView */ = {
			isa = PBXGroup;
			children = (
				37A2EC541CF45BA8004F3D5E /* Class */,
				37A2EC3D1CF45AED004F3D5E /* Supporting Files */,
			);
			path = CDTipsView;
			sourceTree = "<group>";
		};
		37A2EC3D1CF45AED004F3D5E /* Supporting Files */ = {
			isa = PBXGroup;
			children = (
				37A2EC401CF45AED004F3D5E /* AppDelegate.h */,
				37A2EC411CF45AED004F3D5E /* AppDelegate.m */,
				37A2EC491CF45AED004F3D5E /* Assets.xcassets */,
				37A2EC4B1CF45AED004F3D5E /* LaunchScreen.storyboard */,
				37A2EC4E1CF45AED004F3D5E /* Info.plist */,
				37A2EC3E1CF45AED004F3D5E /* main.m */,
				37D80B8C1CF58A0B00C16AC8 /* PrefixHeader.pch */,
			);
			name = "Supporting Files";
			sourceTree = "<group>";
		};
		37A2EC541CF45BA8004F3D5E /* Class */ = {
			isa = PBXGroup;
			children = (
				37A2EC551CF45BA8004F3D5E /* Controllers */,
				37A2EC561CF45BA8004F3D5E /* Models */,
				37A2EC571CF45BA8004F3D5E /* Views */,
			);
			path = Class;
			sourceTree = "<group>";
		};
		37A2EC551CF45BA8004F3D5E /* Controllers */ = {
			isa = PBXGroup;
			children = (
				37A2EC581CF45C01004F3D5E /* CDMainViewController.h */,
				37A2EC591CF45C01004F3D5E /* CDMainViewController.m */,
				37A2EC5A1CF45C01004F3D5E /* CDMainViewController.xib */,
			);
			path = Controllers;
			sourceTree = "<group>";
		};
		37A2EC561CF45BA8004F3D5E /* Models */ = {
			isa = PBXGroup;
			children = (
			);
			path = Models;
			sourceTree = "<group>";
		};
		37A2EC571CF45BA8004F3D5E /* Views */ = {
			isa = PBXGroup;
			children = (
				37A2EC5D1CF45C1F004F3D5E /* CDTipsView.h */,
				37A2EC5E1CF45C1F004F3D5E /* CDTipsView.m */,
			);
			path = Views;
			sourceTree = "<group>";
		};
		37A2EC601CF45C4F004F3D5E /* Frameworks */ = {
			isa = PBXGroup;
			children = (
				37A2EC611CF45C67004F3D5E /* UIKit.framework */,
			);
			name = Frameworks;
			sourceTree = "<group>";
		};
/* End PBXGroup section */

/* Begin PBXNativeTarget section */
		37A2EC391CF45AED004F3D5E /* CDTipsView */ = {
			isa = PBXNativeTarget;
			buildConfigurationList = 37A2EC511CF45AED004F3D5E /* Build configuration list for PBXNativeTarget "CDTipsView" */;
			buildPhases = (
				37A2EC361CF45AED004F3D5E /* Sources */,
				37A2EC371CF45AED004F3D5E /* Frameworks */,
				37A2EC381CF45AED004F3D5E /* Resources */,
			);
			buildRules = (
			);
			dependencies = (
			);
			name = CDTipsView;
			productName = CDTipsView;
			productReference = 37A2EC3A1CF45AED004F3D5E /* CDTipsView.app */;
			productType = "com.apple.product-type.application";
		};
/* End PBXNativeTarget section */

/* Begin PBXProject section */
		37A2EC321CF45AED004F3D5E /* Project object */ = {
			isa = PBXProject;
			attributes = {
				LastUpgradeCheck = 0730;
				ORGANIZATIONNAME = Cindy;
				TargetAttributes = {
					37A2EC391CF45AED004F3D5E = {
						CreatedOnToolsVersion = 7.3.1;
					};
				};
			};
			buildConfigurationList = 37A2EC351CF45AED004F3D5E /* Build configuration list for PBXProject "CDTipsView" */;
			compatibilityVersion = "Xcode 3.2";
			developmentRegion = English;
			hasScannedForEncodings = 0;
			knownRegions = (
				en,
				Base,
			);
			mainGroup = 37A2EC311CF45AED004F3D5E;
			productRefGroup = 37A2EC3B1CF45AED004F3D5E /* Products */;
			projectDirPath = "";
			projectRoot = "";
			targets = (
				37A2EC391CF45AED004F3D5E /* CDTipsView */,
			);
		};
/* End PBXProject section */

/* Begin PBXResourcesBuildPhase section */
		37A2EC381CF45AED004F3D5E /* Resources */ = {
			isa = PBXResourcesBuildPhase;
			buildActionMask = 2147483647;
			files = (
				37A2EC4D1CF45AED004F3D5E /* LaunchScreen.storyboard in Resources */,
				37A2EC4A1CF45AED004F3D5E /* Assets.xcassets in Resources */,
				37A2EC5C1CF45C01004F3D5E /* CDMainViewController.xib in Resources */,
			);
			runOnlyForDeploymentPostprocessing = 0;
		};
/* End PBXResourcesBuildPhase section */

/* Begin PBXSourcesBuildPhase section */
		37A2EC361CF45AED004F3D5E /* Sources */ = {
			isa = PBXSourcesBuildPhase;
			buildActionMask = 2147483647;
			files = (
				37A2EC421CF45AED004F3D5E /* AppDelegate.m in Sources */,
				37A2EC5F1CF45C1F004F3D5E /* CDTipsView.m in Sources */,
				37A2EC5B1CF45C01004F3D5E /* CDMainViewController.m in Sources */,
				37A2EC3F1CF45AED004F3D5E /* main.m in Sources */,
			);
			runOnlyForDeploymentPostprocessing = 0;
		};
/* End PBXSourcesBuildPhase section */

/* Begin PBXVariantGroup section */
		37A2EC4B1CF45AED004F3D5E /* LaunchScreen.storyboard */ = {
			isa = PBXVariantGroup;
			children = (
				37A2EC4C1CF45AED004F3D5E /* Base */,
			);
			name = LaunchScreen.storyboard;
			sourceTree = "<group>";
		};
/* End PBXVariantGroup section */

/* Begin XCBuildConfiguration section */
		37A2EC4F1CF45AED004F3D5E /* Debug */ = {
			isa = XCBuildConfiguration;
			buildSettings = {
				ALWAYS_SEARCH_USER_PATHS = NO;
				CLANG_ANALYZER_NONNULL = YES;
				CLANG_CXX_LANGUAGE_STANDARD = "gnu++0x";
				CLANG_CXX_LIBRARY = "libc++";
				CLANG_ENABLE_MODULES = YES;
				CLANG_ENABLE_OBJC_ARC = YES;
				CLANG_WARN_BOOL_CONVERSION = YES;
				CLANG_WARN_CONSTANT_CONVERSION = YES;
				CLANG_WARN_DIRECT_OBJC_ISA_USAGE = YES_ERROR;
				CLANG_WARN_EMPTY_BODY = YES;
				CLANG_WARN_ENUM_CONVERSION = YES;
				CLANG_WARN_INT_CONVERSION = YES;
				CLANG_WARN_OBJC_ROOT_CLASS = YES_ERROR;
				CLANG_WARN_UNREACHABLE_CODE = YES;
				CLANG_WARN__DUPLICATE_METHOD_MATCH = YES;
				"CODE_SIGN_IDENTITY[sdk=iphoneos*]" = "iPhone Developer";
				COPY_PHASE_STRIP = NO;
				DEBUG_INFORMATION_FORMAT = dwarf;
				ENABLE_STRICT_OBJC_MSGSEND = YES;
				ENABLE_TESTABILITY = YES;
				GCC_C_LANGUAGE_STANDARD = gnu99;
				GCC_DYNAMIC_NO_PIC = NO;
				GCC_NO_COMMON_BLOCKS = YES;
				GCC_OPTIMIZATION_LEVEL = 0;
				GCC_PREPROCESSOR_DEFINITIONS = (
					"DEBUG=1",
					"$(inherited)",
				);
				GCC_WARN_64_TO_32_BIT_CONVERSION = YES;
				GCC_WARN_ABOUT_RETURN_TYPE = YES_ERROR;
				GCC_WARN_UNDECLARED_SELECTOR = YES;
				GCC_WARN_UNINITIALIZED_AUTOS = YES_AGGRESSIVE;
				GCC_WARN_UNUSED_FUNCTION = YES;
				GCC_WARN_UNUSED_VARIABLE = YES;
				IPHONEOS_DEPLOYMENT_TARGET = 9.3;
				MTL_ENABLE_DEBUG_INFO = YES;
				ONLY_ACTIVE_ARCH = YES;
				SDKROOT = iphoneos;
			};
			name = Debug;
		};
		37A2EC501CF45AED004F3D5E /* Release */ = {
			isa = XCBuildConfiguration;
			buildSettings = {
				ALWAYS_SEARCH_USER_PATHS = NO;
				CLANG_ANALYZER_NONNULL = YES;
				CLANG_CXX_LANGUAGE_STANDARD = "gnu++0x";
				CLANG_CXX_LIBRARY = "libc++";
				CLANG_ENABLE_MODULES = YES;
				CLANG_ENABLE_OBJC_ARC = YES;
				CLANG_WARN_BOOL_CONVERSION = YES;
				CLANG_WARN_CONSTANT_CONVERSION = YES;
				CLANG_WARN_DIRECT_OBJC_ISA_USAGE = YES_ERROR;
				CLANG_WARN_EMPTY_BODY = YES;
				CLANG_WARN_ENUM_CONVERSION = YES;
				CLANG_WARN_INT_CONVERSION = YES;
				CLANG_WARN_OBJC_ROOT_CLASS = YES_ERROR;
				CLANG_WARN_UNREACHABLE_CODE = YES;
				CLANG_WARN__DUPLICATE_METHOD_MATCH = YES;
				"CODE_SIGN_IDENTITY[sdk=iphoneos*]" = "iPhone Developer";
				COPY_PHASE_STRIP = NO;
				DEBUG_INFORMATION_FORMAT = "dwarf-with-dsym";
				ENABLE_NS_ASSERTIONS = NO;
				ENABLE_STRICT_OBJC_MSGSEND = YES;
				GCC_C_LANGUAGE_STANDARD = gnu99;
				GCC_NO_COMMON_BLOCKS = YES;
				GCC_WARN_64_TO_32_BIT_CONVERSION = YES;
				GCC_WARN_ABOUT_RETURN_TYPE = YES_ERROR;
				GCC_WARN_UNDECLARED_SELECTOR = YES;
				GCC_WARN_UNINITIALIZED_AUTOS = YES_AGGRESSIVE;
				GCC_WARN_UNUSED_FUNCTION = YES;
				GCC_WARN_UNUSED_VARIABLE = YES;
				IPHONEOS_DEPLOYMENT_TARGET = 9.3;
				MTL_ENABLE_DEBUG_INFO = NO;
				SDKROOT = iphoneos;
				VALIDATE_PRODUCT = YES;
			};
			name = Release;
		};
		37A2EC521CF45AED004F3D5E /* Debug */ = {
			isa = XCBuildConfiguration;
			buildSettings = {
				ASSETCATALOG_COMPILER_APPICON_NAME = AppIcon;
				GCC_PREFIX_HEADER = CDTipsView/PrefixHeader.pch;
				INFOPLIST_FILE = CDTipsView/Info.plist;
				LD_RUNPATH_SEARCH_PATHS = "$(inherited) @executable_path/Frameworks";
				PRODUCT_BUNDLE_IDENTIFIER = com.cindy.source.CDTipsView;
				PRODUCT_NAME = "$(TARGET_NAME)";
			};
			name = Debug;
		};
		37A2EC531CF45AED004F3D5E /* Release */ = {
			isa = XCBuildConfiguration;
			buildSettings = {
				ASSETCATALOG_COMPILER_APPICON_NAME = AppIcon;
				GCC_PREFIX_HEADER = CDTipsView/PrefixHeader.pch;
				INFOPLIST_FILE = CDTipsView/Info.plist;
				LD_RUNPATH_SEARCH_PATHS = "$(inherited) @executable_path/Frameworks";
				PRODUCT_BUNDLE_IDENTIFIER = com.cindy.source.CDTipsView;
				PRODUCT_NAME = "$(TARGET_NAME)";
			};
			name = Release;
		};
/* End XCBuildConfiguration section */

/* Begin XCConfigurationList section */
		37A2EC351CF45AED004F3D5E /* Build configuration list for PBXProject "CDTipsView" */ = {
			isa = XCConfigurationList;
			buildConfigurations = (
				37A2EC4F1CF45AED004F3D5E /* Debug */,
				37A2EC501CF45AED004F3D5E /* Release */,
			);
			defaultConfigurationIsVisible = 0;
			defaultConfigurationName = Release;
		};
		37A2EC511CF45AED004F3D5E /* Build configuration list for PBXNativeTarget "CDTipsView" */ = {
			isa = XCConfigurationList;
			buildConfigurations = (
				37A2EC521CF45AED004F3D5E /* Debug */,
				37A2EC531CF45AED004F3D5E /* Release */,
			);
			defaultConfigurationIsVisible = 0;
			defaultConfigurationName = Release;
		};
/* End XCConfigurationList section */
	};
	rootObject = 37A2EC321CF45AED004F3D5E /* Project object */;
}
